
Microsoft Visual Studio Solution File, Format Version 12.00
# Visual Studio Version 17
VisualStudioVersion = 17.14.35906.104
MinimumVisualStudioVersion = 10.0.40219.1
Project("{FAE04EC0-301F-11D3-BF4B-00C04F79EFBC}") = "CDAT.core", "src\Core\CDAT.core\CDAT.core.csproj", "{B9087225-8FB4-4E01-AFB7-01277D1FBD49}"
EndProject
Project("{FAE04EC0-301F-11D3-BF4B-00C04F79EFBC}") = "CDAT.infrastructure", "src\Infrastucture\CDAT.infrastructure\CDAT.infrastructure.csproj", "{FF9E1150-7429-4844-9749-BA79D282187A}"
EndProject
Project("{FAE04EC0-301F-11D3-BF4B-00C04F79EFBC}") = "CDAT.console", "src\Console\CDAT\CDAT.console.csproj", "{60C4BFCB-0562-A47D-07F6-05F33979D734}"
EndProject
Global
	GlobalSection(SolutionConfigurationPlatforms) = preSolution
		Debug|Any CPU = Debug|Any CPU
		Release|Any CPU = Release|Any CPU
	EndGlobalSection
	GlobalSection(ProjectConfigurationPlatforms) = postSolution
		{B9087225-8FB4-4E01-AFB7-01277D1FBD49}.Debug|Any CPU.ActiveCfg = Debug|Any CPU
		{B9087225-8FB4-4E01-AFB7-01277D1FBD49}.Debug|Any CPU.Build.0 = Debug|Any CPU
		{B9087225-8FB4-4E01-AFB7-01277D1FBD49}.Release|Any CPU.ActiveCfg = Release|Any CPU
		{B9087225-8FB4-4E01-AFB7-01277D1FBD49}.Release|Any CPU.Build.0 = Release|Any CPU
		{FF9E1150-7429-4844-9749-BA79D282187A}.Debug|Any CPU.ActiveCfg = Debug|Any CPU
		{FF9E1150-7429-4844-9749-BA79D282187A}.Debug|Any CPU.Build.0 = Debug|Any CPU
		{FF9E1150-7429-4844-9749-BA79D282187A}.Release|Any CPU.ActiveCfg = Release|Any CPU
		{FF9E1150-7429-4844-9749-BA79D282187A}.Release|Any CPU.Build.0 = Release|Any CPU
		{60C4BFCB-0562-A47D-07F6-05F33979D734}.Debug|Any CPU.ActiveCfg = Debug|Any CPU
		{60C4BFCB-0562-A47D-07F6-05F33979D734}.Debug|Any CPU.Build.0 = Debug|Any CPU
		{60C4BFCB-0562-A47D-07F6-05F33979D734}.Release|Any CPU.ActiveCfg = Release|Any CPU
		{60C4BFCB-0562-A47D-07F6-05F33979D734}.Release|Any CPU.Build.0 = Release|Any CPU
	EndGlobalSection
	GlobalSection(SolutionProperties) = preSolution
		HideSolutionNode = FALSE
	EndGlobalSection
	GlobalSection(ExtensibilityGlobals) = postSolution
		SolutionGuid = {92F9E608-FBBC-4333-9A77-C8D043352A9C}
	EndGlobalSection
EndGlobal
